
Microsoft Visual Studio Solution File, Format Version 12.00
# Visual Studio Version 17
VisualStudioVersion = 17.5.002.0
MinimumVisualStudioVersion = 10.0.40219.1
Project("{9A19103F-16F7-4668-BE54-9A1E7A4F7556}") = "NEAGame", "NEAGame.csproj", "{672DD657-D0EA-4690-9BC6-143A3825993F}"
EndProject
Global
	GlobalSection(SolutionConfigurationPlatforms) = preSolution
		Debug|Any CPU = Debug|Any CPU
		Release|Any CPU = Release|Any CPU
	EndGlobalSection
	GlobalSection(ProjectConfigurationPlatforms) = postSolution
		{672DD657-D0EA-4690-9BC6-143A3825993F}.Debug|Any CPU.ActiveCfg = Debug|Any CPU
		{672DD657-D0EA-4690-9BC6-143A3825993F}.Debug|Any CPU.Build.0 = Debug|Any CPU
		{672DD657-D0EA-4690-9BC6-143A3825993F}.Release|Any CPU.ActiveCfg = Release|Any CPU
		{672DD657-D0EA-4690-9BC6-143A3825993F}.Release|Any CPU.Build.0 = Release|Any CPU
	EndGlobalSection
	GlobalSection(SolutionProperties) = preSolution
		HideSolutionNode = FALSE
	EndGlobalSection
	GlobalSection(ExtensibilityGlobals) = postSolution
		SolutionGuid = {492AD037-0B67-408F-AC63-9DC80C33C711}
	EndGlobalSection
EndGlobal
